
Microsoft Visual Studio Solution File, Format Version 12.00
# Visual Studio Version 17
VisualStudioVersion = 17.5.33516.290
MinimumVisualStudioVersion = 10.0.40219.1
Project("{FAE04EC0-301F-11D3-BF4B-00C04F79EFBC}") = "TestZTYoung", "TestZTYoung\TestZTYoung.csproj", "{D838D633-BAFB-4A2C-B052-439ABD9075CF}"
EndProject
Global
	GlobalSection(SolutionConfigurationPlatforms) = preSolution
		Debug|Any CPU = Debug|Any CPU
		Release|Any CPU = Release|Any CPU
	EndGlobalSection
	GlobalSection(ProjectConfigurationPlatforms) = postSolution
		{D838D633-BAFB-4A2C-B052-439ABD9075CF}.Debug|Any CPU.ActiveCfg = Debug|Any CPU
		{D838D633-BAFB-4A2C-B052-439ABD9075CF}.Debug|Any CPU.Build.0 = Debug|Any CPU
		{D838D633-BAFB-4A2C-B052-439ABD9075CF}.Release|Any CPU.ActiveCfg = Release|Any CPU
		{D838D633-BAFB-4A2C-B052-439ABD9075CF}.Release|Any CPU.Build.0 = Release|Any CPU
	EndGlobalSection
	GlobalSection(SolutionProperties) = preSolution
		HideSolutionNode = FALSE
	EndGlobalSection
	GlobalSection(ExtensibilityGlobals) = postSolution
		SolutionGuid = {1DEEBE9D-3B78-47B8-B1F9-05383E8D8B41}
	EndGlobalSection
EndGlobal
